
Microsoft Visual Studio Solution File, Format Version 12.00
# Visual Studio 2013
Project("{FAE04EC0-301F-11D3-BF4B-00C04F79EFBC}") = "UnityVS.1MM_Unity.CSharp", "UnityVS.1MM_Unity.CSharp.csproj", "{CC105D07-C2C6-218E-C27F-34435F17B116}"
EndProject
Global
	GlobalSection(SolutionConfigurationPlatforms) = preSolution
		Debug|Any CPU = Debug|Any CPU
		Release|Any CPU = Release|Any CPU
	EndGlobalSection
	GlobalSection(ProjectConfigurationPlatforms) = postSolution
		{CC105D07-C2C6-218E-C27F-34435F17B116}.Debug|Any CPU.ActiveCfg = Debug|Any CPU
		{CC105D07-C2C6-218E-C27F-34435F17B116}.Debug|Any CPU.Build.0 = Debug|Any CPU
		{CC105D07-C2C6-218E-C27F-34435F17B116}.Release|Any CPU.ActiveCfg = Release|Any CPU
		{CC105D07-C2C6-218E-C27F-34435F17B116}.Release|Any CPU.Build.0 = Release|Any CPU
	EndGlobalSection
	GlobalSection(SolutionProperties) = preSolution
		HideSolutionNode = FALSE
	EndGlobalSection
EndGlobal
